
Microsoft Visual Studio Solution File, Format Version 10.00
# Visual Studio 2008
Project("{FAE04EC0-301F-11D3-BF4B-00C04F79EFBC}") = "QAliber.Developer.Standalone", "..\QAliber Test Developer\QAliber Developer Standalone\QAliber.Developer.Standalone.csproj", "{5C74973E-95BF-458A-B2CD-59C0DC1AA251}"
EndProject
Project("{FAE04EC0-301F-11D3-BF4B-00C04F79EFBC}") = "QAliber.ImageHandling", "..\QAliber Engine\OCR\QAliber.ImageHandling.csproj", "{357618F5-959D-4DAB-BCB6-63E1CEB556E6}"
EndProject
Project("{54435603-DBB4-11D2-8724-00A0C9A8B90C}") = "QAliberDeveloperStandaloneSetup", "..\QAliber Test Developer\QAliberDeveloperStandaloneSetup\QAliberDeveloperStandaloneSetup.vdproj", "{0DBA0484-5BDF-4015-8278-E9A80F4CBAEF}"
EndProject
Global
	GlobalSection(SolutionConfigurationPlatforms) = preSolution
		Debug|Any CPU = Debug|Any CPU
		Debug|Mixed Platforms = Debug|Mixed Platforms
		Debug|Win32 = Debug|Win32
		Release|Any CPU = Release|Any CPU
		Release|Mixed Platforms = Release|Mixed Platforms
		Release|Win32 = Release|Win32
	EndGlobalSection
	GlobalSection(ProjectConfigurationPlatforms) = postSolution
		{5C74973E-95BF-458A-B2CD-59C0DC1AA251}.Debug|Any CPU.ActiveCfg = Debug|Any CPU
		{5C74973E-95BF-458A-B2CD-59C0DC1AA251}.Debug|Any CPU.Build.0 = Debug|Any CPU
		{5C74973E-95BF-458A-B2CD-59C0DC1AA251}.Debug|Mixed Platforms.ActiveCfg = Debug|Any CPU
		{5C74973E-95BF-458A-B2CD-59C0DC1AA251}.Debug|Mixed Platforms.Build.0 = Debug|Any CPU
		{5C74973E-95BF-458A-B2CD-59C0DC1AA251}.Debug|Win32.ActiveCfg = Debug|Any CPU
		{5C74973E-95BF-458A-B2CD-59C0DC1AA251}.Release|Any CPU.ActiveCfg = Release|Any CPU
		{5C74973E-95BF-458A-B2CD-59C0DC1AA251}.Release|Any CPU.Build.0 = Release|Any CPU
		{5C74973E-95BF-458A-B2CD-59C0DC1AA251}.Release|Mixed Platforms.ActiveCfg = Release|Any CPU
		{5C74973E-95BF-458A-B2CD-59C0DC1AA251}.Release|Mixed Platforms.Build.0 = Release|Any CPU
		{5C74973E-95BF-458A-B2CD-59C0DC1AA251}.Release|Win32.ActiveCfg = Release|Any CPU
		{357618F5-959D-4DAB-BCB6-63E1CEB556E6}.Debug|Any CPU.ActiveCfg = Debug|Any CPU
		{357618F5-959D-4DAB-BCB6-63E1CEB556E6}.Debug|Any CPU.Build.0 = Debug|Any CPU
		{357618F5-959D-4DAB-BCB6-63E1CEB556E6}.Debug|Mixed Platforms.ActiveCfg = Debug|Any CPU
		{357618F5-959D-4DAB-BCB6-63E1CEB556E6}.Debug|Mixed Platforms.Build.0 = Debug|Any CPU
		{357618F5-959D-4DAB-BCB6-63E1CEB556E6}.Debug|Win32.ActiveCfg = Debug|Any CPU
		{357618F5-959D-4DAB-BCB6-63E1CEB556E6}.Release|Any CPU.ActiveCfg = Release|Any CPU
		{357618F5-959D-4DAB-BCB6-63E1CEB556E6}.Release|Any CPU.Build.0 = Release|Any CPU
		{357618F5-959D-4DAB-BCB6-63E1CEB556E6}.Release|Mixed Platforms.ActiveCfg = Release|Any CPU
		{357618F5-959D-4DAB-BCB6-63E1CEB556E6}.Release|Mixed Platforms.Build.0 = Release|Any CPU
		{357618F5-959D-4DAB-BCB6-63E1CEB556E6}.Release|Win32.ActiveCfg = Release|Any CPU
		{0DBA0484-5BDF-4015-8278-E9A80F4CBAEF}.Debug|Any CPU.ActiveCfg = Debug
		{0DBA0484-5BDF-4015-8278-E9A80F4CBAEF}.Debug|Any CPU.Build.0 = Debug
		{0DBA0484-5BDF-4015-8278-E9A80F4CBAEF}.Debug|Mixed Platforms.ActiveCfg = Debug
		{0DBA0484-5BDF-4015-8278-E9A80F4CBAEF}.Debug|Mixed Platforms.Build.0 = Debug
		{0DBA0484-5BDF-4015-8278-E9A80F4CBAEF}.Debug|Win32.ActiveCfg = Debug
		{0DBA0484-5BDF-4015-8278-E9A80F4CBAEF}.Debug|Win32.Build.0 = Debug
		{0DBA0484-5BDF-4015-8278-E9A80F4CBAEF}.Release|Any CPU.ActiveCfg = Release
		{0DBA0484-5BDF-4015-8278-E9A80F4CBAEF}.Release|Any CPU.Build.0 = Release
		{0DBA0484-5BDF-4015-8278-E9A80F4CBAEF}.Release|Mixed Platforms.ActiveCfg = Release
		{0DBA0484-5BDF-4015-8278-E9A80F4CBAEF}.Release|Mixed Platforms.Build.0 = Release
		{0DBA0484-5BDF-4015-8278-E9A80F4CBAEF}.Release|Win32.ActiveCfg = Release
		{0DBA0484-5BDF-4015-8278-E9A80F4CBAEF}.Release|Win32.Build.0 = Release
	EndGlobalSection
	GlobalSection(SolutionProperties) = preSolution
		HideSolutionNode = FALSE
	EndGlobalSection
EndGlobal
